
Microsoft Visual Studio Solution File, Format Version 12.00
# Visual Studio Version 17
VisualStudioVersion = 17.2.32602.215
MinimumVisualStudioVersion = 10.0.40219.1
Project("{FAE04EC0-301F-11D3-BF4B-00C04F79EFBC}") = "Reciever", "Reciever\Reciever.csproj", "{23065D1D-4CEF-4422-964F-6C513D848557}"
EndProject
Global
	GlobalSection(SolutionConfigurationPlatforms) = preSolution
		Debug|Any CPU = Debug|Any CPU
		Release|Any CPU = Release|Any CPU
	EndGlobalSection
	GlobalSection(ProjectConfigurationPlatforms) = postSolution
		{23065D1D-4CEF-4422-964F-6C513D848557}.Debug|Any CPU.ActiveCfg = Debug|Any CPU
		{23065D1D-4CEF-4422-964F-6C513D848557}.Debug|Any CPU.Build.0 = Debug|Any CPU
		{23065D1D-4CEF-4422-964F-6C513D848557}.Release|Any CPU.ActiveCfg = Release|Any CPU
		{23065D1D-4CEF-4422-964F-6C513D848557}.Release|Any CPU.Build.0 = Release|Any CPU
	EndGlobalSection
	GlobalSection(SolutionProperties) = preSolution
		HideSolutionNode = FALSE
	EndGlobalSection
	GlobalSection(ExtensibilityGlobals) = postSolution
		SolutionGuid = {E8EFFD1D-3400-4ABC-BD8F-6612B7059BEE}
	EndGlobalSection
EndGlobal
